// !$*UTF8*$!
{
	archiveVersion = 1;
	classes = {
	};
	objectVersion = 54;
	objects = {

/* Begin PBXBuildFile section */
		1255483127D9DEA6004E5843 /* AppDelegate.swift in Sources */ = {isa = PBXBuildFile; fileRef = 1255483027D9DEA6004E5843 /* AppDelegate.swift */; };
		1255483527D9DEA6004E5843 /* IntroViewController.swift in Sources */ = {isa = PBXBuildFile; fileRef = 1255483427D9DEA6004E5843 /* IntroViewController.swift */; };
		1255483827D9DEA6004E5843 /* Main.storyboard in Resources */ = {isa = PBXBuildFile; fileRef = 1255483627D9DEA6004E5843 /* Main.storyboard */; };
		1255483A27D9DEAB004E5843 /* Assets.xcassets in Resources */ = {isa = PBXBuildFile; fileRef = 1255483927D9DEAB004E5843 /* Assets.xcassets */; };
		1255483D27D9DEAB004E5843 /* LaunchScreen.storyboard in Resources */ = {isa = PBXBuildFile; fileRef = 1255483B27D9DEAB004E5843 /* LaunchScreen.storyboard */; };
		1255484627D9E190004E5843 /* IntroNavigator.swift in Sources */ = {isa = PBXBuildFile; fileRef = 1255484527D9E190004E5843 /* IntroNavigator.swift */; };
		1255484B27D9FD17004E5843 /* UITextField + Extension.swift in Sources */ = {isa = PBXBuildFile; fileRef = 1255484A27D9FD17004E5843 /* UITextField + Extension.swift */; };
		1255484D27DA0AB6004E5843 /* RegisterViewController.swift in Sources */ = {isa = PBXBuildFile; fileRef = 1255484C27DA0AB6004E5843 /* RegisterViewController.swift */; };
		1255484F27DA10D0004E5843 /* LoginViewController.swift in Sources */ = {isa = PBXBuildFile; fileRef = 1255484E27DA10D0004E5843 /* LoginViewController.swift */; };
		1255485127DA16C4004E5843 /* LoginNavigator.swift in Sources */ = {isa = PBXBuildFile; fileRef = 1255485027DA16C4004E5843 /* LoginNavigator.swift */; };
		1255485327DA173A004E5843 /* RegisterNavigator.swift in Sources */ = {isa = PBXBuildFile; fileRef = 1255485227DA173A004E5843 /* RegisterNavigator.swift */; };
		1255485527DB297F004E5843 /* UIViewController + Extension.swift in Sources */ = {isa = PBXBuildFile; fileRef = 1255485427DB297F004E5843 /* UIViewController + Extension.swift */; };
		1255485727DB3140004E5843 /* String + Extension.swift in Sources */ = {isa = PBXBuildFile; fileRef = 1255485627DB3140004E5843 /* String + Extension.swift */; };
		1255485927DB34F5004E5843 /* RegisterViewModel.swift in Sources */ = {isa = PBXBuildFile; fileRef = 1255485827DB34F5004E5843 /* RegisterViewModel.swift */; };
		1265F8A627DB6E9400CB6689 /* GoogleService-Info.plist in Resources */ = {isa = PBXBuildFile; fileRef = 1265F8A527DB6E9400CB6689 /* GoogleService-Info.plist */; };
		1265F8A827DB770500CB6689 /* LoginViewModel.swift in Sources */ = {isa = PBXBuildFile; fileRef = 1265F8A727DB770500CB6689 /* LoginViewModel.swift */; };
		1265F8AB27DF60B300CB6689 /* UserModel.swift in Sources */ = {isa = PBXBuildFile; fileRef = 1265F8AA27DF60B300CB6689 /* UserModel.swift */; };
		1265F8AE27E08C6500CB6689 /* FIRDatabaseManager.swift in Sources */ = {isa = PBXBuildFile; fileRef = 1265F8AD27E08C6500CB6689 /* FIRDatabaseManager.swift */; };
		1265F8B527E0ACF600CB6689 /* ChatsViewModel.swift in Sources */ = {isa = PBXBuildFile; fileRef = 1265F8B427E0ACF600CB6689 /* ChatsViewModel.swift */; };
		1265F8B727E0AD0900CB6689 /* ChatsNavigator.swift in Sources */ = {isa = PBXBuildFile; fileRef = 1265F8B627E0AD0900CB6689 /* ChatsNavigator.swift */; };
		1265F8B927E0AD9200CB6689 /* ChatsViewController.swift in Sources */ = {isa = PBXBuildFile; fileRef = 1265F8B827E0AD9200CB6689 /* ChatsViewController.swift */; };
		6C85259D3BA205563F517D5F /* Pods_Chat_App.framework in Frameworks */ = {isa = PBXBuildFile; fileRef = 78EB7CD9318AA8EB72BECF1F /* Pods_Chat_App.framework */; };
/* End PBXBuildFile section */

/* Begin PBXFileReference section */
		1255482D27D9DEA6004E5843 /* Chat App.app */ = {isa = PBXFileReference; explicitFileType = wrapper.application; includeInIndex = 0; path = "Chat App.app"; sourceTree = BUILT_PRODUCTS_DIR; };
		1255483027D9DEA6004E5843 /* AppDelegate.swift */ = {isa = PBXFileReference; lastKnownFileType = sourcecode.swift; path = AppDelegate.swift; sourceTree = "<group>"; };
		1255483427D9DEA6004E5843 /* IntroViewController.swift */ = {isa = PBXFileReference; lastKnownFileType = sourcecode.swift; path = IntroViewController.swift; sourceTree = "<group>"; };
		1255483727D9DEA6004E5843 /* Base */ = {isa = PBXFileReference; lastKnownFileType = file.storyboard; name = Base; path = Base.lproj/Main.storyboard; sourceTree = "<group>"; };
		1255483927D9DEAB004E5843 /* Assets.xcassets */ = {isa = PBXFileReference; lastKnownFileType = folder.assetcatalog; path = Assets.xcassets; sourceTree = "<group>"; };
		1255483C27D9DEAB004E5843 /* Base */ = {isa = PBXFileReference; lastKnownFileType = file.storyboard; name = Base; path = Base.lproj/LaunchScreen.storyboard; sourceTree = "<group>"; };
		1255483E27D9DEAB004E5843 /* Info.plist */ = {isa = PBXFileReference; lastKnownFileType = text.plist.xml; path = Info.plist; sourceTree = "<group>"; };
		1255484527D9E190004E5843 /* IntroNavigator.swift */ = {isa = PBXFileReference; lastKnownFileType = sourcecode.swift; path = IntroNavigator.swift; sourceTree = "<group>"; };
		1255484A27D9FD17004E5843 /* UITextField + Extension.swift */ = {isa = PBXFileReference; lastKnownFileType = sourcecode.swift; path = "UITextField + Extension.swift"; sourceTree = "<group>"; };
		1255484C27DA0AB6004E5843 /* RegisterViewController.swift */ = {isa = PBXFileReference; lastKnownFileType = sourcecode.swift; path = RegisterViewController.swift; sourceTree = "<group>"; };
		1255484E27DA10D0004E5843 /* LoginViewController.swift */ = {isa = PBXFileReference; lastKnownFileType = sourcecode.swift; path = LoginViewController.swift; sourceTree = "<group>"; };
		1255485027DA16C4004E5843 /* LoginNavigator.swift */ = {isa = PBXFileReference; lastKnownFileType = sourcecode.swift; path = LoginNavigator.swift; sourceTree = "<group>"; };
		1255485227DA173A004E5843 /* RegisterNavigator.swift */ = {isa = PBXFileReference; lastKnownFileType = sourcecode.swift; path = RegisterNavigator.swift; sourceTree = "<group>"; };
		1255485427DB297F004E5843 /* UIViewController + Extension.swift */ = {isa = PBXFileReference; lastKnownFileType = sourcecode.swift; path = "UIViewController + Extension.swift"; sourceTree = "<group>"; };
		1255485627DB3140004E5843 /* String + Extension.swift */ = {isa = PBXFileReference; lastKnownFileType = sourcecode.swift; path = "String + Extension.swift"; sourceTree = "<group>"; };
		1255485827DB34F5004E5843 /* RegisterViewModel.swift */ = {isa = PBXFileReference; lastKnownFileType = sourcecode.swift; path = RegisterViewModel.swift; sourceTree = "<group>"; };
		1265F8A527DB6E9400CB6689 /* GoogleService-Info.plist */ = {isa = PBXFileReference; fileEncoding = 4; lastKnownFileType = text.plist.xml; path = "GoogleService-Info.plist"; sourceTree = "<group>"; };
		1265F8A727DB770500CB6689 /* LoginViewModel.swift */ = {isa = PBXFileReference; lastKnownFileType = sourcecode.swift; path = LoginViewModel.swift; sourceTree = "<group>"; };
		1265F8AA27DF60B300CB6689 /* UserModel.swift */ = {isa = PBXFileReference; lastKnownFileType = sourcecode.swift; path = UserModel.swift; sourceTree = "<group>"; };
		1265F8AD27E08C6500CB6689 /* FIRDatabaseManager.swift */ = {isa = PBXFileReference; lastKnownFileType = sourcecode.swift; path = FIRDatabaseManager.swift; sourceTree = "<group>"; };
		1265F8B427E0ACF600CB6689 /* ChatsViewModel.swift */ = {isa = PBXFileReference; lastKnownFileType = sourcecode.swift; path = ChatsViewModel.swift; sourceTree = "<group>"; };
		1265F8B627E0AD0900CB6689 /* ChatsNavigator.swift */ = {isa = PBXFileReference; lastKnownFileType = sourcecode.swift; path = ChatsNavigator.swift; sourceTree = "<group>"; };
		1265F8B827E0AD9200CB6689 /* ChatsViewController.swift */ = {isa = PBXFileReference; lastKnownFileType = sourcecode.swift; path = ChatsViewController.swift; sourceTree = "<group>"; };
		78EB7CD9318AA8EB72BECF1F /* Pods_Chat_App.framework */ = {isa = PBXFileReference; explicitFileType = wrapper.framework; includeInIndex = 0; path = Pods_Chat_App.framework; sourceTree = BUILT_PRODUCTS_DIR; };
		9EC7F09D4E44CA859DB2D0AC /* Pods-Chat App.debug.xcconfig */ = {isa = PBXFileReference; includeInIndex = 1; lastKnownFileType = text.xcconfig; name = "Pods-Chat App.debug.xcconfig"; path = "Target Support Files/Pods-Chat App/Pods-Chat App.debug.xcconfig"; sourceTree = "<group>"; };
		B084EF1A4938804656C67BAD /* Pods-Chat App.release.xcconfig */ = {isa = PBXFileReference; includeInIndex = 1; lastKnownFileType = text.xcconfig; name = "Pods-Chat App.release.xcconfig"; path = "Target Support Files/Pods-Chat App/Pods-Chat App.release.xcconfig"; sourceTree = "<group>"; };
/* End PBXFileReference section */

/* Begin PBXFrameworksBuildPhase section */
		1255482A27D9DEA6004E5843 /* Frameworks */ = {
			isa = PBXFrameworksBuildPhase;
			buildActionMask = 2147483647;
			files = (
				6C85259D3BA205563F517D5F /* Pods_Chat_App.framework in Frameworks */,
			);
			runOnlyForDeploymentPostprocessing = 0;
		};
/* End PBXFrameworksBuildPhase section */

/* Begin PBXGroup section */
		1255482427D9DEA6004E5843 = {
			isa = PBXGroup;
			children = (
				1255482F27D9DEA6004E5843 /* Chat App */,
				1255482E27D9DEA6004E5843 /* Products */,
				DD672373C397371EFFF0011A /* Pods */,
				556F0A1BDBFFAA1F581DBD85 /* Frameworks */,
			);
			sourceTree = "<group>";
		};
		1255482E27D9DEA6004E5843 /* Products */ = {
			isa = PBXGroup;
			children = (
				1255482D27D9DEA6004E5843 /* Chat App.app */,
			);
			name = Products;
			sourceTree = "<group>";
		};
		1255482F27D9DEA6004E5843 /* Chat App */ = {
			isa = PBXGroup;
			children = (
				1265F8B027E0A86700CB6689 /* Storyboards */,
				1265F8AF27E0920700CB6689 /* Controllers */,
				1265F8A927DF60A000CB6689 /* Model */,
				1265F8AC27E08C0100CB6689 /* Resources */,
				1255483E27D9DEAB004E5843 /* Info.plist */,
				1265F8A527DB6E9400CB6689 /* GoogleService-Info.plist */,
			);
			path = "Chat App";
			sourceTree = "<group>";
		};
		1255484427D9DF55004E5843 /* Intro */ = {
			isa = PBXGroup;
			children = (
				1255483427D9DEA6004E5843 /* IntroViewController.swift */,
				1255484527D9E190004E5843 /* IntroNavigator.swift */,
			);
			path = Intro;
			sourceTree = "<group>";
		};
		1255484727D9F8D0004E5843 /* Login */ = {
			isa = PBXGroup;
			children = (
				1255484E27DA10D0004E5843 /* LoginViewController.swift */,
				1255485027DA16C4004E5843 /* LoginNavigator.swift */,
				1265F8A727DB770500CB6689 /* LoginViewModel.swift */,
			);
			path = Login;
			sourceTree = "<group>";
		};
		1255484827D9F8E0004E5843 /* Register */ = {
			isa = PBXGroup;
			children = (
				1255484C27DA0AB6004E5843 /* RegisterViewController.swift */,
				1255485227DA173A004E5843 /* RegisterNavigator.swift */,
				1255485827DB34F5004E5843 /* RegisterViewModel.swift */,
			);
			path = Register;
			sourceTree = "<group>";
		};
		1255484927D9FCEB004E5843 /* Extensions */ = {
			isa = PBXGroup;
			children = (
				1255484A27D9FD17004E5843 /* UITextField + Extension.swift */,
				1255485427DB297F004E5843 /* UIViewController + Extension.swift */,
				1255485627DB3140004E5843 /* String + Extension.swift */,
			);
			path = Extensions;
			sourceTree = "<group>";
		};
		1265F8A927DF60A000CB6689 /* Model */ = {
			isa = PBXGroup;
			children = (
				1265F8AA27DF60B300CB6689 /* UserModel.swift */,
			);
			path = Model;
			sourceTree = "<group>";
		};
		1265F8AC27E08C0100CB6689 /* Resources */ = {
			isa = PBXGroup;
			children = (
				1265F8AD27E08C6500CB6689 /* FIRDatabaseManager.swift */,
				1255483027D9DEA6004E5843 /* AppDelegate.swift */,
				1255483927D9DEAB004E5843 /* Assets.xcassets */,
				1255484927D9FCEB004E5843 /* Extensions */,
			);
			path = Resources;
			sourceTree = "<group>";
		};
		1265F8AF27E0920700CB6689 /* Controllers */ = {
			isa = PBXGroup;
			children = (
				1265F8B127E0ACC300CB6689 /* Chats */,
				1255484427D9DF55004E5843 /* Intro */,
				1255484727D9F8D0004E5843 /* Login */,
				1255484827D9F8E0004E5843 /* Register */,
			);
			path = Controllers;
			sourceTree = "<group>";
		};
		1265F8B027E0A86700CB6689 /* Storyboards */ = {
			isa = PBXGroup;
			children = (
				1255483627D9DEA6004E5843 /* Main.storyboard */,
				1255483B27D9DEAB004E5843 /* LaunchScreen.storyboard */,
			);
			path = Storyboards;
			sourceTree = "<group>";
		};
		1265F8B127E0ACC300CB6689 /* Chats */ = {
			isa = PBXGroup;
			children = (
				1265F8B427E0ACF600CB6689 /* ChatsViewModel.swift */,
				1265F8B627E0AD0900CB6689 /* ChatsNavigator.swift */,
				1265F8B827E0AD9200CB6689 /* ChatsViewController.swift */,
			);
			path = Chats;
			sourceTree = "<group>";
		};
		556F0A1BDBFFAA1F581DBD85 /* Frameworks */ = {
			isa = PBXGroup;
			children = (
				78EB7CD9318AA8EB72BECF1F /* Pods_Chat_App.framework */,
			);
			name = Frameworks;
			sourceTree = "<group>";
		};
		DD672373C397371EFFF0011A /* Pods */ = {
			isa = PBXGroup;
			children = (
				9EC7F09D4E44CA859DB2D0AC /* Pods-Chat App.debug.xcconfig */,
				B084EF1A4938804656C67BAD /* Pods-Chat App.release.xcconfig */,
			);
			path = Pods;
			sourceTree = "<group>";
		};
/* End PBXGroup section */

/* Begin PBXNativeTarget section */
		1255482C27D9DEA6004E5843 /* Chat App */ = {
			isa = PBXNativeTarget;
			buildConfigurationList = 1255484127D9DEAB004E5843 /* Build configuration list for PBXNativeTarget "Chat App" */;
			buildPhases = (
				F35158C5FCE10BA5A375C020 /* [CP] Check Pods Manifest.lock */,
				1255482927D9DEA6004E5843 /* Sources */,
				1255482A27D9DEA6004E5843 /* Frameworks */,
				1255482B27D9DEA6004E5843 /* Resources */,
				1BD7AD7CEB3952FD59E984CD /* [CP] Embed Pods Frameworks */,
			);
			buildRules = (
			);
			dependencies = (
			);
			name = "Chat App";
			productName = "Chat App";
			productReference = 1255482D27D9DEA6004E5843 /* Chat App.app */;
			productType = "com.apple.product-type.application";
		};
/* End PBXNativeTarget section */

/* Begin PBXProject section */
		1255482527D9DEA6004E5843 /* Project object */ = {
			isa = PBXProject;
			attributes = {
				BuildIndependentTargetsInParallel = 1;
				LastSwiftUpdateCheck = 1300;
				LastUpgradeCheck = 1300;
				TargetAttributes = {
					1255482C27D9DEA6004E5843 = {
						CreatedOnToolsVersion = 13.0;
					};
				};
			};
			buildConfigurationList = 1255482827D9DEA6004E5843 /* Build configuration list for PBXProject "Chat App" */;
			compatibilityVersion = "Xcode 12.0";
			developmentRegion = en;
			hasScannedForEncodings = 0;
			knownRegions = (
				en,
				Base,
			);
			mainGroup = 1255482427D9DEA6004E5843;
			productRefGroup = 1255482E27D9DEA6004E5843 /* Products */;
			projectDirPath = "";
			projectRoot = "";
			targets = (
				1255482C27D9DEA6004E5843 /* Chat App */,
			);
		};
/* End PBXProject section */

/* Begin PBXResourcesBuildPhase section */
		1255482B27D9DEA6004E5843 /* Resources */ = {
			isa = PBXResourcesBuildPhase;
			buildActionMask = 2147483647;
			files = (
				1255483D27D9DEAB004E5843 /* LaunchScreen.storyboard in Resources */,
				1265F8A627DB6E9400CB6689 /* GoogleService-Info.plist in Resources */,
				1255483A27D9DEAB004E5843 /* Assets.xcassets in Resources */,
				1255483827D9DEA6004E5843 /* Main.storyboard in Resources */,
			);
			runOnlyForDeploymentPostprocessing = 0;
		};
/* End PBXResourcesBuildPhase section */

/* Begin PBXShellScriptBuildPhase section */
		1BD7AD7CEB3952FD59E984CD /* [CP] Embed Pods Frameworks */ = {
			isa = PBXShellScriptBuildPhase;
			buildActionMask = 2147483647;
			files = (
			);
			inputFileListPaths = (
				"${PODS_ROOT}/Target Support Files/Pods-Chat App/Pods-Chat App-frameworks-${CONFIGURATION}-input-files.xcfilelist",
			);
			name = "[CP] Embed Pods Frameworks";
			outputFileListPaths = (
				"${PODS_ROOT}/Target Support Files/Pods-Chat App/Pods-Chat App-frameworks-${CONFIGURATION}-output-files.xcfilelist",
			);
			runOnlyForDeploymentPostprocessing = 0;
			shellPath = /bin/sh;
			shellScript = "\"${PODS_ROOT}/Target Support Files/Pods-Chat App/Pods-Chat App-frameworks.sh\"\n";
			showEnvVarsInLog = 0;
		};
		F35158C5FCE10BA5A375C020 /* [CP] Check Pods Manifest.lock */ = {
			isa = PBXShellScriptBuildPhase;
			buildActionMask = 2147483647;
			files = (
			);
			inputFileListPaths = (
			);
			inputPaths = (
				"${PODS_PODFILE_DIR_PATH}/Podfile.lock",
				"${PODS_ROOT}/Manifest.lock",
			);
			name = "[CP] Check Pods Manifest.lock";
			outputFileListPaths = (
			);
			outputPaths = (
				"$(DERIVED_FILE_DIR)/Pods-Chat App-checkManifestLockResult.txt",
			);
			runOnlyForDeploymentPostprocessing = 0;
			shellPath = /bin/sh;
			shellScript = "diff \"${PODS_PODFILE_DIR_PATH}/Podfile.lock\" \"${PODS_ROOT}/Manifest.lock\" > /dev/null\nif [ $? != 0 ] ; then\n    # print error to STDERR\n    echo \"error: The sandbox is not in sync with the Podfile.lock. Run 'pod install' or update your CocoaPods installation.\" >&2\n    exit 1\nfi\n# This output is used by Xcode 'outputs' to avoid re-running this script phase.\necho \"SUCCESS\" > \"${SCRIPT_OUTPUT_FILE_0}\"\n";
			showEnvVarsInLog = 0;
		};
/* End PBXShellScriptBuildPhase section */

/* Begin PBXSourcesBuildPhase section */
		1255482927D9DEA6004E5843 /* Sources */ = {
			isa = PBXSourcesBuildPhase;
			buildActionMask = 2147483647;
			files = (
				1255484F27DA10D0004E5843 /* LoginViewController.swift in Sources */,
				1255484627D9E190004E5843 /* IntroNavigator.swift in Sources */,
				1265F8B727E0AD0900CB6689 /* ChatsNavigator.swift in Sources */,
				1265F8AE27E08C6500CB6689 /* FIRDatabaseManager.swift in Sources */,
				1255485727DB3140004E5843 /* String + Extension.swift in Sources */,
				1255485327DA173A004E5843 /* RegisterNavigator.swift in Sources */,
				1255485927DB34F5004E5843 /* RegisterViewModel.swift in Sources */,
				1265F8AB27DF60B300CB6689 /* UserModel.swift in Sources */,
				1255484D27DA0AB6004E5843 /* RegisterViewController.swift in Sources */,
				1265F8B927E0AD9200CB6689 /* ChatsViewController.swift in Sources */,
				1255485127DA16C4004E5843 /* LoginNavigator.swift in Sources */,
				1255483527D9DEA6004E5843 /* IntroViewController.swift in Sources */,
				1265F8A827DB770500CB6689 /* LoginViewModel.swift in Sources */,
				1255483127D9DEA6004E5843 /* AppDelegate.swift in Sources */,
				1255484B27D9FD17004E5843 /* UITextField + Extension.swift in Sources */,
				1265F8B527E0ACF600CB6689 /* ChatsViewModel.swift in Sources */,
				1255485527DB297F004E5843 /* UIViewController + Extension.swift in Sources */,
			);
			runOnlyForDeploymentPostprocessing = 0;
		};
/* End PBXSourcesBuildPhase section */

/* Begin PBXVariantGroup section */
		1255483627D9DEA6004E5843 /* Main.storyboard */ = {
			isa = PBXVariantGroup;
			children = (
				1255483727D9DEA6004E5843 /* Base */,
			);
			name = Main.storyboard;
			sourceTree = "<group>";
		};
		1255483B27D9DEAB004E5843 /* LaunchScreen.storyboard */ = {
			isa = PBXVariantGroup;
			children = (
				1255483C27D9DEAB004E5843 /* Base */,
			);
			name = LaunchScreen.storyboard;
			sourceTree = "<group>";
		};
/* End PBXVariantGroup section */

/* Begin XCBuildConfiguration section */
		1255483F27D9DEAB004E5843 /* Debug */ = {
			isa = XCBuildConfiguration;
			buildSettings = {
				ALWAYS_SEARCH_USER_PATHS = NO;
				CLANG_ANALYZER_NONNULL = YES;
				CLANG_ANALYZER_NUMBER_OBJECT_CONVERSION = YES_AGGRESSIVE;
				CLANG_CXX_LANGUAGE_STANDARD = "gnu++17";
				CLANG_CXX_LIBRARY = "libc++";
				CLANG_ENABLE_MODULES = YES;
				CLANG_ENABLE_OBJC_ARC = YES;
				CLANG_ENABLE_OBJC_WEAK = YES;
				CLANG_WARN_BLOCK_CAPTURE_AUTORELEASING = YES;
				CLANG_WARN_BOOL_CONVERSION = YES;
				CLANG_WARN_COMMA = YES;
				CLANG_WARN_CONSTANT_CONVERSION = YES;
				CLANG_WARN_DEPRECATED_OBJC_IMPLEMENTATIONS = YES;
				CLANG_WARN_DIRECT_OBJC_ISA_USAGE = YES_ERROR;
				CLANG_WARN_DOCUMENTATION_COMMENTS = YES;
				CLANG_WARN_EMPTY_BODY = YES;
				CLANG_WARN_ENUM_CONVERSION = YES;
				CLANG_WARN_INFINITE_RECURSION = YES;
				CLANG_WARN_INT_CONVERSION = YES;
				CLANG_WARN_NON_LITERAL_NULL_CONVERSION = YES;
				CLANG_WARN_OBJC_IMPLICIT_RETAIN_SELF = YES;
				CLANG_WARN_OBJC_LITERAL_CONVERSION = YES;
				CLANG_WARN_OBJC_ROOT_CLASS = YES_ERROR;
				CLANG_WARN_QUOTED_INCLUDE_IN_FRAMEWORK_HEADER = YES;
				CLANG_WARN_RANGE_LOOP_ANALYSIS = YES;
				CLANG_WARN_STRICT_PROTOTYPES = YES;
				CLANG_WARN_SUSPICIOUS_MOVE = YES;
				CLANG_WARN_UNGUARDED_AVAILABILITY = YES_AGGRESSIVE;
				CLANG_WARN_UNREACHABLE_CODE = YES;
				CLANG_WARN__DUPLICATE_METHOD_MATCH = YES;
				COPY_PHASE_STRIP = NO;
				DEBUG_INFORMATION_FORMAT = dwarf;
				ENABLE_STRICT_OBJC_MSGSEND = YES;
				ENABLE_TESTABILITY = YES;
				GCC_C_LANGUAGE_STANDARD = gnu11;
				GCC_DYNAMIC_NO_PIC = NO;
				GCC_NO_COMMON_BLOCKS = YES;
				GCC_OPTIMIZATION_LEVEL = 0;
				GCC_PREPROCESSOR_DEFINITIONS = (
					"DEBUG=1",
					"$(inherited)",
				);
				GCC_WARN_64_TO_32_BIT_CONVERSION = YES;
				GCC_WARN_ABOUT_RETURN_TYPE = YES_ERROR;
				GCC_WARN_UNDECLARED_SELECTOR = YES;
				GCC_WARN_UNINITIALIZED_AUTOS = YES_AGGRESSIVE;
				GCC_WARN_UNUSED_FUNCTION = YES;
				GCC_WARN_UNUSED_VARIABLE = YES;
				IPHONEOS_DEPLOYMENT_TARGET = 15.0;
				MTL_ENABLE_DEBUG_INFO = INCLUDE_SOURCE;
				MTL_FAST_MATH = YES;
				ONLY_ACTIVE_ARCH = YES;
				SDKROOT = iphoneos;
				SWIFT_ACTIVE_COMPILATION_CONDITIONS = DEBUG;
				SWIFT_OPTIMIZATION_LEVEL = "-Onone";
			};
			name = Debug;
		};
		1255484027D9DEAB004E5843 /* Release */ = {
			isa = XCBuildConfiguration;
			buildSettings = {
				ALWAYS_SEARCH_USER_PATHS = NO;
				CLANG_ANALYZER_NONNULL = YES;
				CLANG_ANALYZER_NUMBER_OBJECT_CONVERSION = YES_AGGRESSIVE;
				CLANG_CXX_LANGUAGE_STANDARD = "gnu++17";
				CLANG_CXX_LIBRARY = "libc++";
				CLANG_ENABLE_MODULES = YES;
				CLANG_ENABLE_OBJC_ARC = YES;
				CLANG_ENABLE_OBJC_WEAK = YES;
				CLANG_WARN_BLOCK_CAPTURE_AUTORELEASING = YES;
				CLANG_WARN_BOOL_CONVERSION = YES;
				CLANG_WARN_COMMA = YES;
				CLANG_WARN_CONSTANT_CONVERSION = YES;
				CLANG_WARN_DEPRECATED_OBJC_IMPLEMENTATIONS = YES;
				CLANG_WARN_DIRECT_OBJC_ISA_USAGE = YES_ERROR;
				CLANG_WARN_DOCUMENTATION_COMMENTS = YES;
				CLANG_WARN_EMPTY_BODY = YES;
				CLANG_WARN_ENUM_CONVERSION = YES;
				CLANG_WARN_INFINITE_RECURSION = YES;
				CLANG_WARN_INT_CONVERSION = YES;
				CLANG_WARN_NON_LITERAL_NULL_CONVERSION = YES;
				CLANG_WARN_OBJC_IMPLICIT_RETAIN_SELF = YES;
				CLANG_WARN_OBJC_LITERAL_CONVERSION = YES;
				CLANG_WARN_OBJC_ROOT_CLASS = YES_ERROR;
				CLANG_WARN_QUOTED_INCLUDE_IN_FRAMEWORK_HEADER = YES;
				CLANG_WARN_RANGE_LOOP_ANALYSIS = YES;
				CLANG_WARN_STRICT_PROTOTYPES = YES;
				CLANG_WARN_SUSPICIOUS_MOVE = YES;
				CLANG_WARN_UNGUARDED_AVAILABILITY = YES_AGGRESSIVE;
				CLANG_WARN_UNREACHABLE_CODE = YES;
				CLANG_WARN__DUPLICATE_METHOD_MATCH = YES;
				COPY_PHASE_STRIP = NO;
				DEBUG_INFORMATION_FORMAT = "dwarf-with-dsym";
				ENABLE_NS_ASSERTIONS = NO;
				ENABLE_STRICT_OBJC_MSGSEND = YES;
				GCC_C_LANGUAGE_STANDARD = gnu11;
				GCC_NO_COMMON_BLOCKS = YES;
				GCC_WARN_64_TO_32_BIT_CONVERSION = YES;
				GCC_WARN_ABOUT_RETURN_TYPE = YES_ERROR;
				GCC_WARN_UNDECLARED_SELECTOR = YES;
				GCC_WARN_UNINITIALIZED_AUTOS = YES_AGGRESSIVE;
				GCC_WARN_UNUSED_FUNCTION = YES;
				GCC_WARN_UNUSED_VARIABLE = YES;
				IPHONEOS_DEPLOYMENT_TARGET = 15.0;
				MTL_ENABLE_DEBUG_INFO = NO;
				MTL_FAST_MATH = YES;
				SDKROOT = iphoneos;
				SWIFT_COMPILATION_MODE = wholemodule;
				SWIFT_OPTIMIZATION_LEVEL = "-O";
				VALIDATE_PRODUCT = YES;
			};
			name = Release;
		};
		1255484227D9DEAB004E5843 /* Debug */ = {
			isa = XCBuildConfiguration;
			baseConfigurationReference = 9EC7F09D4E44CA859DB2D0AC /* Pods-Chat App.debug.xcconfig */;
			buildSettings = {
				ASSETCATALOG_COMPILER_APPICON_NAME = AppIcon;
				ASSETCATALOG_COMPILER_GLOBAL_ACCENT_COLOR_NAME = AccentColor;
				CODE_SIGN_STYLE = Automatic;
				CURRENT_PROJECT_VERSION = 1;
				GENERATE_INFOPLIST_FILE = YES;
				INFOPLIST_FILE = "Chat App/Info.plist";
				INFOPLIST_KEY_UIApplicationSupportsIndirectInputEvents = YES;
				INFOPLIST_KEY_UILaunchStoryboardName = LaunchScreen;
				INFOPLIST_KEY_UIMainStoryboardFile = Main;
				INFOPLIST_KEY_UISupportedInterfaceOrientations_iPad = "UIInterfaceOrientationPortrait UIInterfaceOrientationPortraitUpsideDown UIInterfaceOrientationLandscapeLeft UIInterfaceOrientationLandscapeRight";
				INFOPLIST_KEY_UISupportedInterfaceOrientations_iPhone = "UIInterfaceOrientationPortrait UIInterfaceOrientationLandscapeLeft UIInterfaceOrientationLandscapeRight";
				LD_RUNPATH_SEARCH_PATHS = (
					"$(inherited)",
					"@executable_path/Frameworks",
				);
				MARKETING_VERSION = 1.0;
				PRODUCT_BUNDLE_IDENTIFIER = "com.jay-iOS.Chat-App";
				PRODUCT_NAME = "$(TARGET_NAME)";
				SWIFT_EMIT_LOC_STRINGS = YES;
				SWIFT_VERSION = 5.0;
				TARGETED_DEVICE_FAMILY = "1,2";
			};
			name = Debug;
		};
		1255484327D9DEAB004E5843 /* Release */ = {
			isa = XCBuildConfiguration;
			baseConfigurationReference = B084EF1A4938804656C67BAD /* Pods-Chat App.release.xcconfig */;
			buildSettings = {
				ASSETCATALOG_COMPILER_APPICON_NAME = AppIcon;
				ASSETCATALOG_COMPILER_GLOBAL_ACCENT_COLOR_NAME = AccentColor;
				CODE_SIGN_STYLE = Automatic;
				CURRENT_PROJECT_VERSION = 1;
				GENERATE_INFOPLIST_FILE = YES;
				INFOPLIST_FILE = "Chat App/Info.plist";
				INFOPLIST_KEY_UIApplicationSupportsIndirectInputEvents = YES;
				INFOPLIST_KEY_UILaunchStoryboardName = LaunchScreen;
				INFOPLIST_KEY_UIMainStoryboardFile = Main;
				INFOPLIST_KEY_UISupportedInterfaceOrientations_iPad = "UIInterfaceOrientationPortrait UIInterfaceOrientationPortraitUpsideDown UIInterfaceOrientationLandscapeLeft UIInterfaceOrientationLandscapeRight";
				INFOPLIST_KEY_UISupportedInterfaceOrientations_iPhone = "UIInterfaceOrientationPortrait UIInterfaceOrientationLandscapeLeft UIInterfaceOrientationLandscapeRight";
				LD_RUNPATH_SEARCH_PATHS = (
					"$(inherited)",
					"@executable_path/Frameworks",
				);
				MARKETING_VERSION = 1.0;
				PRODUCT_BUNDLE_IDENTIFIER = "com.jay-iOS.Chat-App";
				PRODUCT_NAME = "$(TARGET_NAME)";
				SWIFT_EMIT_LOC_STRINGS = YES;
				SWIFT_VERSION = 5.0;
				TARGETED_DEVICE_FAMILY = "1,2";
			};
			name = Release;
		};
/* End XCBuildConfiguration section */

/* Begin XCConfigurationList section */
		1255482827D9DEA6004E5843 /* Build configuration list for PBXProject "Chat App" */ = {
			isa = XCConfigurationList;
			buildConfigurations = (
				1255483F27D9DEAB004E5843 /* Debug */,
				1255484027D9DEAB004E5843 /* Release */,
			);
			defaultConfigurationIsVisible = 0;
			defaultConfigurationName = Release;
		};
		1255484127D9DEAB004E5843 /* Build configuration list for PBXNativeTarget "Chat App" */ = {
			isa = XCConfigurationList;
			buildConfigurations = (
				1255484227D9DEAB004E5843 /* Debug */,
				1255484327D9DEAB004E5843 /* Release */,
			);
			defaultConfigurationIsVisible = 0;
			defaultConfigurationName = Release;
		};
/* End XCConfigurationList section */
	};
	rootObject = 1255482527D9DEA6004E5843 /* Project object */;
}
